
Microsoft Visual Studio Solution File, Format Version 12.00
# Visual Studio Version 17
VisualStudioVersion = 17.6.33815.320
MinimumVisualStudioVersion = 10.0.40219.1
Project("{FAE04EC0-301F-11D3-BF4B-00C04F79EFBC}") = "CaffeineBookatableProject", "CaffeineBookatableProject\CaffeineBookatableProject.csproj", "{97C403D5-130A-4C0E-9DDC-390667322B9B}"
EndProject
Global
	GlobalSection(SolutionConfigurationPlatforms) = preSolution
		Debug|Any CPU = Debug|Any CPU
		Release|Any CPU = Release|Any CPU
	EndGlobalSection
	GlobalSection(ProjectConfigurationPlatforms) = postSolution
		{97C403D5-130A-4C0E-9DDC-390667322B9B}.Debug|Any CPU.ActiveCfg = Debug|Any CPU
		{97C403D5-130A-4C0E-9DDC-390667322B9B}.Debug|Any CPU.Build.0 = Debug|Any CPU
		{97C403D5-130A-4C0E-9DDC-390667322B9B}.Release|Any CPU.ActiveCfg = Release|Any CPU
		{97C403D5-130A-4C0E-9DDC-390667322B9B}.Release|Any CPU.Build.0 = Release|Any CPU
	EndGlobalSection
	GlobalSection(SolutionProperties) = preSolution
		HideSolutionNode = FALSE
	EndGlobalSection
	GlobalSection(ExtensibilityGlobals) = postSolution
		SolutionGuid = {BBD5F490-6436-4252-87F8-5E5198282326}
	EndGlobalSection
EndGlobal
